
Microsoft Visual Studio Solution File, Format Version 12.00
# Visual Studio 15
VisualStudioVersion = 15.0.27130.2036
MinimumVisualStudioVersion = 10.0.40219.1
Project("{FAE04EC0-301F-11D3-BF4B-00C04F79EFBC}") = "CSBASIC", "CSBASIC\CSBASIC.csproj", "{2D8C61E7-3AB5-4BFF-AD5F-EA93A24E577E}"
EndProject
Global
	GlobalSection(SolutionConfigurationPlatforms) = preSolution
		Debug|Any CPU = Debug|Any CPU
		Release|Any CPU = Release|Any CPU
	EndGlobalSection
	GlobalSection(ProjectConfigurationPlatforms) = postSolution
		{2D8C61E7-3AB5-4BFF-AD5F-EA93A24E577E}.Debug|Any CPU.ActiveCfg = Debug|Any CPU
		{2D8C61E7-3AB5-4BFF-AD5F-EA93A24E577E}.Debug|Any CPU.Build.0 = Debug|Any CPU
		{2D8C61E7-3AB5-4BFF-AD5F-EA93A24E577E}.Release|Any CPU.ActiveCfg = Release|Any CPU
		{2D8C61E7-3AB5-4BFF-AD5F-EA93A24E577E}.Release|Any CPU.Build.0 = Release|Any CPU
	EndGlobalSection
	GlobalSection(SolutionProperties) = preSolution
		HideSolutionNode = FALSE
	EndGlobalSection
	GlobalSection(ExtensibilityGlobals) = postSolution
		SolutionGuid = {21971E28-B9F0-4716-8E49-C424AE0B0681}
	EndGlobalSection
EndGlobal
